// !$*UTF8*$!
{
	archiveVersion = 1;
	classes = {
	};
	objectVersion = 77;
	objects = {

/* Begin PBXBuildFile section */
		C414A31330558EE80023560F /* 1. empty state.png in Resources */ = {isa = PBXBuildFile; fileRef = C414A30B30558EE80023560F /* 1. empty state.png */; };
		C414A31430558EE80023560F /* 3. New Habit form with reminder toggled on + time picker.png in Resources */ = {isa = PBXBuildFile; fileRef = C414A30D30558EE80023560F /* 3. New Habit form with reminder toggled on + time picker.png */; };
		C414A31530558EE80023560F /* 4. Main list, 4 habits with streaks.png in Resources */ = {isa = PBXBuildFile; fileRef = C414A30E30558EE80023560F /* 4. Main list, 4 habits with streaks.png */; };
		C414A31630558EE80023560F /* 2. new habit form, reminder off.png in Resources */ = {isa = PBXBuildFile; fileRef = C414A30C30558EE80023560F /* 2. new habit form, reminder off.png */; };
		C414A31730558EE80023560F /* 5. Delete confirmation dialog on a habit detail.png in Resources */ = {isa = PBXBuildFile; fileRef = C414A30F30558EE80023560F /* 5. Delete confirmation dialog on a habit detail.png */; };
		C414A31830558EE80023560F /* 8. Drink Water detail — 1-day streak, filled bar chart + highlighted heatmap day.png in Resources */ = {isa = PBXBuildFile; fileRef = C414A31230558EE80023560F /* 8. Drink Water detail — 1-day streak, filled bar chart + highlighted heatmap day.png */; };
		C414A31930558EE80023560F /* 7. Workout detail, scrolled to show the Delete Habit button.png in Resources */ = {isa = PBXBuildFile; fileRef = C414A31130558EE80023560F /* 7. Workout detail, scrolled to show the Delete Habit button.png */; };
		C414A31A30558EE80023560F /* 6. Workout detail — 0-day streak, empty chart:heatmap.png in Resources */ = {isa = PBXBuildFile; fileRef = C414A31030558EE80023560F /* 6. Workout detail — 0-day streak, empty chart:heatmap.png */; };
		C414A31E305592D90023560F /* Simulator Screen Recording - iPhone 17 Pro - 2026-09-12 at 19.27.09.mov in Resources */ = {isa = PBXBuildFile; fileRef = C414A31D305592D90023560F /* Simulator Screen Recording - iPhone 17 Pro - 2026-09-12 at 19.27.09.mov */; };
/* End PBXBuildFile section */

/* Begin PBXFileReference section */
		C414A2C5305582160023560F /* StreakKeeper.app */ = {isa = PBXFileReference; explicitFileType = wrapper.application; includeInIndex = 0; path = StreakKeeper.app; sourceTree = BUILT_PRODUCTS_DIR; };
		C414A30B30558EE80023560F /* 1. empty state.png */ = {isa = PBXFileReference; lastKnownFileType = image.png; path = "1. empty state.png"; sourceTree = "<group>"; };
		C414A30C30558EE80023560F /* 2. new habit form, reminder off.png */ = {isa = PBXFileReference; lastKnownFileType = image.png; path = "2. new habit form, reminder off.png"; sourceTree = "<group>"; };
		C414A30D30558EE80023560F /* 3. New Habit form with reminder toggled on + time picker.png */ = {isa = PBXFileReference; lastKnownFileType = image.png; path = "3. New Habit form with reminder toggled on + time picker.png"; sourceTree = "<group>"; };
		C414A30E30558EE80023560F /* 4. Main list, 4 habits with streaks.png */ = {isa = PBXFileReference; lastKnownFileType = image.png; path = "4. Main list, 4 habits with streaks.png"; sourceTree = "<group>"; };
		C414A30F30558EE80023560F /* 5. Delete confirmation dialog on a habit detail.png */ = {isa = PBXFileReference; lastKnownFileType = image.png; path = "5. Delete confirmation dialog on a habit detail.png"; sourceTree = "<group>"; };
		C414A31030558EE80023560F /* 6. Workout detail — 0-day streak, empty chart:heatmap.png */ = {isa = PBXFileReference; lastKnownFileType = image.png; path = "6. Workout detail — 0-day streak, empty chart:heatmap.png"; sourceTree = "<group>"; };
		C414A31130558EE80023560F /* 7. Workout detail, scrolled to show the Delete Habit button.png */ = {isa = PBXFileReference; lastKnownFileType = image.png; path = "7. Workout detail, scrolled to show the Delete Habit button.png"; sourceTree = "<group>"; };
		C414A31230558EE80023560F /* 8. Drink Water detail — 1-day streak, filled bar chart + highlighted heatmap day.png */ = {isa = PBXFileReference; lastKnownFileType = image.png; path = "8. Drink Water detail — 1-day streak, filled bar chart + highlighted heatmap day.png"; sourceTree = "<group>"; };
		C414A31D305592D90023560F /* Simulator Screen Recording - iPhone 17 Pro - 2026-09-12 at 19.27.09.mov */ = {isa = PBXFileReference; lastKnownFileType = video.quicktime; path = "Simulator Screen Recording - iPhone 17 Pro - 2026-09-12 at 19.27.09.mov"; sourceTree = "<group>"; };
/* End PBXFileReference section */

/* Begin PBXFileSystemSynchronizedRootGroup section */
		C414A2C7305582160023560F /* StreakKeeper */ = {
			isa = PBXFileSystemSynchronizedRootGroup;
			path = StreakKeeper;
			sourceTree = "<group>";
		};
/* End PBXFileSystemSynchronizedRootGroup section */

/* Begin PBXFrameworksBuildPhase section */
		C414A2C2305582160023560F /* Frameworks */ = {
			isa = PBXFrameworksBuildPhase;
			buildActionMask = 2147483647;
			files = (
			);
			runOnlyForDeploymentPostprocessing = 0;
		};
/* End PBXFrameworksBuildPhase section */

/* Begin PBXGroup section */
		C414A2BC305582160023560F = {
			isa = PBXGroup;
			children = (
				C414A2FA305589A80023560F /* Screenshots */,
				C414A2C6305582160023560F /* Products */,
				C414A2C7305582160023560F /* StreakKeeper */,
			);
			sourceTree = "<group>";
		};
		C414A2C6305582160023560F /* Products */ = {
			isa = PBXGroup;
			children = (
				C414A2C5305582160023560F /* StreakKeeper.app */,
			);
			name = Products;
			sourceTree = "<group>";
		};
		C414A2FA305589A80023560F /* Screenshots */ = {
			isa = PBXGroup;
			children = (
				C414A31D305592D90023560F /* Simulator Screen Recording - iPhone 17 Pro - 2026-09-12 at 19.27.09.mov */,
				C414A30B30558EE80023560F /* 1. empty state.png */,
				C414A30C30558EE80023560F /* 2. new habit form, reminder off.png */,
				C414A30D30558EE80023560F /* 3. New Habit form with reminder toggled on + time picker.png */,
				C414A30E30558EE80023560F /* 4. Main list, 4 habits with streaks.png */,
				C414A30F30558EE80023560F /* 5. Delete confirmation dialog on a habit detail.png */,
				C414A31030558EE80023560F /* 6. Workout detail — 0-day streak, empty chart:heatmap.png */,
				C414A31130558EE80023560F /* 7. Workout detail, scrolled to show the Delete Habit button.png */,
				C414A31230558EE80023560F /* 8. Drink Water detail — 1-day streak, filled bar chart + highlighted heatmap day.png */,
			);
			path = Screenshots;
			sourceTree = "<group>";
		};
/* End PBXGroup section */

/* Begin PBXNativeTarget section */
		C414A2C4305582160023560F /* StreakKeeper */ = {
			isa = PBXNativeTarget;
			buildConfigurationList = C414A2D0305582170023560F /* Build configuration list for PBXNativeTarget "StreakKeeper" */;
			buildPhases = (
				C414A2C1305582160023560F /* Sources */,
				C414A2C2305582160023560F /* Frameworks */,
				C414A2C3305582160023560F /* Resources */,
			);
			buildRules = (
			);
			dependencies = (
			);
			fileSystemSynchronizedGroups = (
				C414A2C7305582160023560F /* StreakKeeper */,
			);
			name = StreakKeeper;
			packageProductDependencies = (
			);
			productName = StreakKeeper;
			productReference = C414A2C5305582160023560F /* StreakKeeper.app */;
			productType = "com.apple.product-type.application";
		};
/* End PBXNativeTarget section */

/* Begin PBXProject section */
		C414A2BD305582160023560F /* Project object */ = {
			isa = PBXProject;
			attributes = {
				BuildIndependentTargetsInParallel = 1;
				LastSwiftUpdateCheck = 2660;
				LastUpgradeCheck = 2660;
				TargetAttributes = {
					C414A2C4305582160023560F = {
						CreatedOnToolsVersion = 26.6;
					};
				};
			};
			buildConfigurationList = C414A2C0305582160023560F /* Build configuration list for PBXProject "StreakKeeper" */;
			developmentRegion = en;
			hasScannedForEncodings = 0;
			knownRegions = (
				en,
				Base,
			);
			mainGroup = C414A2BC305582160023560F;
			minimizedProjectReferenceProxies = 1;
			preferredProjectObjectVersion = 77;
			productRefGroup = C414A2C6305582160023560F /* Products */;
			projectDirPath = "";
			projectRoot = "";
			targets = (
				C414A2C4305582160023560F /* StreakKeeper */,
			);
		};
/* End PBXProject section */

/* Begin PBXResourcesBuildPhase section */
		C414A2C3305582160023560F /* Resources */ = {
			isa = PBXResourcesBuildPhase;
			buildActionMask = 2147483647;
			files = (
				C414A31330558EE80023560F /* 1. empty state.png in Resources */,
				C414A31430558EE80023560F /* 3. New Habit form with reminder toggled on + time picker.png in Resources */,
				C414A31530558EE80023560F /* 4. Main list, 4 habits with streaks.png in Resources */,
				C414A31E305592D90023560F /* Simulator Screen Recording - iPhone 17 Pro - 2026-09-12 at 19.27.09.mov in Resources */,
				C414A31630558EE80023560F /* 2. new habit form, reminder off.png in Resources */,
				C414A31730558EE80023560F /* 5. Delete confirmation dialog on a habit detail.png in Resources */,
				C414A31830558EE80023560F /* 8. Drink Water detail — 1-day streak, filled bar chart + highlighted heatmap day.png in Resources */,
				C414A31930558EE80023560F /* 7. Workout detail, scrolled to show the Delete Habit button.png in Resources */,
				C414A31A30558EE80023560F /* 6. Workout detail — 0-day streak, empty chart:heatmap.png in Resources */,
			);
			runOnlyForDeploymentPostprocessing = 0;
		};
/* End PBXResourcesBuildPhase section */

/* Begin PBXSourcesBuildPhase section */
		C414A2C1305582160023560F /* Sources */ = {
			isa = PBXSourcesBuildPhase;
			buildActionMask = 2147483647;
			files = (
			);
			runOnlyForDeploymentPostprocessing = 0;
		};
/* End PBXSourcesBuildPhase section */

/* Begin XCBuildConfiguration section */
		C414A2CE305582170023560F /* Debug */ = {
			isa = XCBuildConfiguration;
			buildSettings = {
				ALWAYS_SEARCH_USER_PATHS = NO;
				ASSETCATALOG_COMPILER_GENERATE_SWIFT_ASSET_SYMBOL_EXTENSIONS = YES;
				CLANG_ANALYZER_NONNULL = YES;
				CLANG_ANALYZER_NUMBER_OBJECT_CONVERSION = YES_AGGRESSIVE;
				CLANG_CXX_LANGUAGE_STANDARD = "gnu++20";
				CLANG_ENABLE_MODULES = YES;
				CLANG_ENABLE_OBJC_ARC = YES;
				CLANG_ENABLE_OBJC_WEAK = YES;
				CLANG_WARN_BLOCK_CAPTURE_AUTORELEASING = YES;
				CLANG_WARN_BOOL_CONVERSION = YES;
				CLANG_WARN_COMMA = YES;
				CLANG_WARN_CONSTANT_CONVERSION = YES;
				CLANG_WARN_DEPRECATED_OBJC_IMPLEMENTATIONS = YES;
				CLANG_WARN_DIRECT_OBJC_ISA_USAGE = YES_ERROR;
				CLANG_WARN_DOCUMENTATION_COMMENTS = YES;
				CLANG_WARN_EMPTY_BODY = YES;
				CLANG_WARN_ENUM_CONVERSION = YES;
				CLANG_WARN_INFINITE_RECURSION = YES;
				CLANG_WARN_INT_CONVERSION = YES;
				CLANG_WARN_NON_LITERAL_NULL_CONVERSION = YES;
				CLANG_WARN_OBJC_IMPLICIT_RETAIN_SELF = YES;
				CLANG_WARN_OBJC_LITERAL_CONVERSION = YES;
				CLANG_WARN_OBJC_ROOT_CLASS = YES_ERROR;
				CLANG_WARN_QUOTED_INCLUDE_IN_FRAMEWORK_HEADER = YES;
				CLANG_WARN_RANGE_LOOP_ANALYSIS = YES;
				CLANG_WARN_STRICT_PROTOTYPES = YES;
				CLANG_WARN_SUSPICIOUS_MOVE = YES;
				CLANG_WARN_UNGUARDED_AVAILABILITY = YES_AGGRESSIVE;
				CLANG_WARN_UNREACHABLE_CODE = YES;
				CLANG_WARN__DUPLICATE_METHOD_MATCH = YES;
				COPY_PHASE_STRIP = NO;
				DEBUG_INFORMATION_FORMAT = dwarf;
				ENABLE_STRICT_OBJC_MSGSEND = YES;
				ENABLE_TESTABILITY = YES;
				ENABLE_USER_SCRIPT_SANDBOXING = YES;
				GCC_C_LANGUAGE_STANDARD = gnu17;
				GCC_DYNAMIC_NO_PIC = NO;
				GCC_NO_COMMON_BLOCKS = YES;
				GCC_OPTIMIZATION_LEVEL = 0;
				GCC_PREPROCESSOR_DEFINITIONS = (
					"DEBUG=1",
					"$(inherited)",
				);
				GCC_WARN_64_TO_32_BIT_CONVERSION = YES;
				GCC_WARN_ABOUT_RETURN_TYPE = YES_ERROR;
				GCC_WARN_UNDECLARED_SELECTOR = YES;
				GCC_WARN_UNINITIALIZED_AUTOS = YES_AGGRESSIVE;
				GCC_WARN_UNUSED_FUNCTION = YES;
				GCC_WARN_UNUSED_VARIABLE = YES;
				IPHONEOS_DEPLOYMENT_TARGET = 26.5;
				LOCALIZATION_PREFERS_STRING_CATALOGS = YES;
				MTL_ENABLE_DEBUG_INFO = INCLUDE_SOURCE;
				MTL_FAST_MATH = YES;
				ONLY_ACTIVE_ARCH = YES;
				SDKROOT = iphoneos;
				SWIFT_ACTIVE_COMPILATION_CONDITIONS = "DEBUG $(inherited)";
				SWIFT_OPTIMIZATION_LEVEL = "-Onone";
			};
			name = Debug;
		};
		C414A2CF305582170023560F /* Release */ = {
			isa = XCBuildConfiguration;
			buildSettings = {
				ALWAYS_SEARCH_USER_PATHS = NO;
				ASSETCATALOG_COMPILER_GENERATE_SWIFT_ASSET_SYMBOL_EXTENSIONS = YES;
				CLANG_ANALYZER_NONNULL = YES;
				CLANG_ANALYZER_NUMBER_OBJECT_CONVERSION = YES_AGGRESSIVE;
				CLANG_CXX_LANGUAGE_STANDARD = "gnu++20";
				CLANG_ENABLE_MODULES = YES;
				CLANG_ENABLE_OBJC_ARC = YES;
				CLANG_ENABLE_OBJC_WEAK = YES;
				CLANG_WARN_BLOCK_CAPTURE_AUTORELEASING = YES;
				CLANG_WARN_BOOL_CONVERSION = YES;
				CLANG_WARN_COMMA = YES;
				CLANG_WARN_CONSTANT_CONVERSION = YES;
				CLANG_WARN_DEPRECATED_OBJC_IMPLEMENTATIONS = YES;
				CLANG_WARN_DIRECT_OBJC_ISA_USAGE = YES_ERROR;
				CLANG_WARN_DOCUMENTATION_COMMENTS = YES;
				CLANG_WARN_EMPTY_BODY = YES;
				CLANG_WARN_ENUM_CONVERSION = YES;
				CLANG_WARN_INFINITE_RECURSION = YES;
				CLANG_WARN_INT_CONVERSION = YES;
				CLANG_WARN_NON_LITERAL_NULL_CONVERSION = YES;
				CLANG_WARN_OBJC_IMPLICIT_RETAIN_SELF = YES;
				CLANG_WARN_OBJC_LITERAL_CONVERSION = YES;
				CLANG_WARN_OBJC_ROOT_CLASS = YES_ERROR;
				CLANG_WARN_QUOTED_INCLUDE_IN_FRAMEWORK_HEADER = YES;
				CLANG_WARN_RANGE_LOOP_ANALYSIS = YES;
				CLANG_WARN_STRICT_PROTOTYPES = YES;
				CLANG_WARN_SUSPICIOUS_MOVE = YES;
				CLANG_WARN_UNGUARDED_AVAILABILITY = YES_AGGRESSIVE;
				CLANG_WARN_UNREACHABLE_CODE = YES;
				CLANG_WARN__DUPLICATE_METHOD_MATCH = YES;
				COPY_PHASE_STRIP = NO;
				DEBUG_INFORMATION_FORMAT = "dwarf-with-dsym";
				ENABLE_NS_ASSERTIONS = NO;
				ENABLE_STRICT_OBJC_MSGSEND = YES;
				ENABLE_USER_SCRIPT_SANDBOXING = YES;
				GCC_C_LANGUAGE_STANDARD = gnu17;
				GCC_NO_COMMON_BLOCKS = YES;
				GCC_WARN_64_TO_32_BIT_CONVERSION = YES;
				GCC_WARN_ABOUT_RETURN_TYPE = YES_ERROR;
				GCC_WARN_UNDECLARED_SELECTOR = YES;
				GCC_WARN_UNINITIALIZED_AUTOS = YES_AGGRESSIVE;
				GCC_WARN_UNUSED_FUNCTION = YES;
				GCC_WARN_UNUSED_VARIABLE = YES;
				IPHONEOS_DEPLOYMENT_TARGET = 26.5;
				LOCALIZATION_PREFERS_STRING_CATALOGS = YES;
				MTL_ENABLE_DEBUG_INFO = NO;
				MTL_FAST_MATH = YES;
				SDKROOT = iphoneos;
				SWIFT_COMPILATION_MODE = wholemodule;
				VALIDATE_PRODUCT = YES;
			};
			name = Release;
		};
		C414A2D1305582170023560F /* Debug */ = {
			isa = XCBuildConfiguration;
			buildSettings = {
				ASSETCATALOG_COMPILER_APPICON_NAME = AppIcon;
				ASSETCATALOG_COMPILER_GLOBAL_ACCENT_COLOR_NAME = AccentColor;
				CODE_SIGN_STYLE = Automatic;
				CURRENT_PROJECT_VERSION = 1;
				ENABLE_PREVIEWS = YES;
				GENERATE_INFOPLIST_FILE = YES;
				INFOPLIST_KEY_UIApplicationSceneManifest_Generation = YES;
				INFOPLIST_KEY_UIApplicationSupportsIndirectInputEvents = YES;
				INFOPLIST_KEY_UILaunchScreen_Generation = YES;
				INFOPLIST_KEY_UISupportedInterfaceOrientations_iPad = "UIInterfaceOrientationPortrait UIInterfaceOrientationPortraitUpsideDown UIInterfaceOrientationLandscapeLeft UIInterfaceOrientationLandscapeRight";
				INFOPLIST_KEY_UISupportedInterfaceOrientations_iPhone = "UIInterfaceOrientationPortrait UIInterfaceOrientationLandscapeLeft UIInterfaceOrientationLandscapeRight";
				IPHONEOS_DEPLOYMENT_TARGET = 17.6;
				LD_RUNPATH_SEARCH_PATHS = (
					"$(inherited)",
					"@executable_path/Frameworks",
				);
				MARKETING_VERSION = 1.0;
				PRODUCT_BUNDLE_IDENTIFIER = com.zoha.StreakKeeper;
				PRODUCT_NAME = "$(TARGET_NAME)";
				STRING_CATALOG_GENERATE_SYMBOLS = YES;
				SWIFT_APPROACHABLE_CONCURRENCY = YES;
				SWIFT_DEFAULT_ACTOR_ISOLATION = MainActor;
				SWIFT_EMIT_LOC_STRINGS = YES;
				SWIFT_UPCOMING_FEATURE_MEMBER_IMPORT_VISIBILITY = YES;
				SWIFT_VERSION = 5.0;
				TARGETED_DEVICE_FAMILY = "1,2";
			};
			name = Debug;
		};
		C414A2D2305582170023560F /* Release */ = {
			isa = XCBuildConfiguration;
			buildSettings = {
				ASSETCATALOG_COMPILER_APPICON_NAME = AppIcon;
				ASSETCATALOG_COMPILER_GLOBAL_ACCENT_COLOR_NAME = AccentColor;
				CODE_SIGN_STYLE = Automatic;
				CURRENT_PROJECT_VERSION = 1;
				ENABLE_PREVIEWS = YES;
				GENERATE_INFOPLIST_FILE = YES;
				INFOPLIST_KEY_UIApplicationSceneManifest_Generation = YES;
				INFOPLIST_KEY_UIApplicationSupportsIndirectInputEvents = YES;
				INFOPLIST_KEY_UILaunchScreen_Generation = YES;
				INFOPLIST_KEY_UISupportedInterfaceOrientations_iPad = "UIInterfaceOrientationPortrait UIInterfaceOrientationPortraitUpsideDown UIInterfaceOrientationLandscapeLeft UIInterfaceOrientationLandscapeRight";
				INFOPLIST_KEY_UISupportedInterfaceOrientations_iPhone = "UIInterfaceOrientationPortrait UIInterfaceOrientationLandscapeLeft UIInterfaceOrientationLandscapeRight";
				IPHONEOS_DEPLOYMENT_TARGET = 17.6;
				LD_RUNPATH_SEARCH_PATHS = (
					"$(inherited)",
					"@executable_path/Frameworks",
				);
				MARKETING_VERSION = 1.0;
				PRODUCT_BUNDLE_IDENTIFIER = com.zoha.StreakKeeper;
				PRODUCT_NAME = "$(TARGET_NAME)";
				STRING_CATALOG_GENERATE_SYMBOLS = YES;
				SWIFT_APPROACHABLE_CONCURRENCY = YES;
				SWIFT_DEFAULT_ACTOR_ISOLATION = MainActor;
				SWIFT_EMIT_LOC_STRINGS = YES;
				SWIFT_UPCOMING_FEATURE_MEMBER_IMPORT_VISIBILITY = YES;
				SWIFT_VERSION = 5.0;
				TARGETED_DEVICE_FAMILY = "1,2";
			};
			name = Release;
		};
/* End XCBuildConfiguration section */

/* Begin XCConfigurationList section */
		C414A2C0305582160023560F /* Build configuration list for PBXProject "StreakKeeper" */ = {
			isa = XCConfigurationList;
			buildConfigurations = (
				C414A2CE305582170023560F /* Debug */,
				C414A2CF305582170023560F /* Release */,
			);
			defaultConfigurationIsVisible = 0;
			defaultConfigurationName = Release;
		};
		C414A2D0305582170023560F /* Build configuration list for PBXNativeTarget "StreakKeeper" */ = {
			isa = XCConfigurationList;
			buildConfigurations = (
				C414A2D1305582170023560F /* Debug */,
				C414A2D2305582170023560F /* Release */,
			);
			defaultConfigurationIsVisible = 0;
			defaultConfigurationName = Release;
		};
/* End XCConfigurationList section */
	};
	rootObject = C414A2BD305582160023560F /* Project object */;
}
